
Microsoft Visual Studio Solution File, Format Version 12.00
# Visual Studio Version 16
VisualStudioVersion = 16.0.29709.97
MinimumVisualStudioVersion = 10.0.40219.1
Project("{FAE04EC0-301F-11D3-BF4B-00C04F79EFBC}") = "Practica3.2", "Practica3.2\Practica3.2.csproj", "{B3578E36-3466-47A4-9037-DC8A5031870C}"
EndProject
Global
	GlobalSection(SolutionConfigurationPlatforms) = preSolution
		Debug|Any CPU = Debug|Any CPU
		Release|Any CPU = Release|Any CPU
	EndGlobalSection
	GlobalSection(ProjectConfigurationPlatforms) = postSolution
		{B3578E36-3466-47A4-9037-DC8A5031870C}.Debug|Any CPU.ActiveCfg = Debug|Any CPU
		{B3578E36-3466-47A4-9037-DC8A5031870C}.Debug|Any CPU.Build.0 = Debug|Any CPU
		{B3578E36-3466-47A4-9037-DC8A5031870C}.Release|Any CPU.ActiveCfg = Release|Any CPU
		{B3578E36-3466-47A4-9037-DC8A5031870C}.Release|Any CPU.Build.0 = Release|Any CPU
	EndGlobalSection
	GlobalSection(SolutionProperties) = preSolution
		HideSolutionNode = FALSE
	EndGlobalSection
	GlobalSection(ExtensibilityGlobals) = postSolution
		SolutionGuid = {920C5BAD-9A58-4D07-B177-926C1E02F44C}
	EndGlobalSection
EndGlobal
